Microsoft Visual Studio Solution File, Format Version 11.00
# Visual Studio 2008

Project("{3B0F70B9-FB1E-372A-EDD9-1618FDDA1353}") = "match3_dos", "Assembly-CSharp.csproj", "{869D4EA3-A9DE-94F5-58BE-B60DA7B451DB}"
EndProject
Global
	GlobalSection(SolutionConfigurationPlatforms) = preSolution
		Debug|Any CPU = Debug|Any CPU
		Release|Any CPU = Release|Any CPU
	EndGlobalSection
	GlobalSection(ProjectConfigurationPlatforms) = postSolution
		{869D4EA3-A9DE-94F5-58BE-B60DA7B451DB}.Debug|Any CPU.ActiveCfg = Debug|Any CPU
		{869D4EA3-A9DE-94F5-58BE-B60DA7B451DB}.Debug|Any CPU.Build.0 = Debug|Any CPU
		{869D4EA3-A9DE-94F5-58BE-B60DA7B451DB}.Release|Any CPU.ActiveCfg = Release|Any CPU
		{869D4EA3-A9DE-94F5-58BE-B60DA7B451DB}.Release|Any CPU.Build.0 = Release|Any CPU
	EndGlobalSection
	GlobalSection(SolutionProperties) = preSolution
		HideSolutionNode = FALSE
	EndGlobalSection
																																																																																																															GlobalSection(MonoDevelopProperties) = preSolution
		StartupItem = Assembly-CSharp.csproj
		Policies = $0
		$0.TextStylePolicy = $1
		$1.inheritsSet = null
		$1.scope = text/x-csharp
		$0.CSharpFormattingPolicy = $2
		$2.inheritsSet = Mono
		$2.inheritsScope = text/x-csharp
		$2.scope = text/x-csharp
		$0.TextStylePolicy = $3
		$3.FileWidth = 120
		$3.TabWidth = 4
		$3.EolMarker = Unix
		$3.inheritsSet = Mono
		$3.inheritsScope = text/plain
		$3.scope = text/plain
	EndGlobalSection

EndGlobal
